
Microsoft Visual Studio Solution File, Format Version 12.00
# Visual Studio 15
VisualStudioVersion = 15.0.27428.2043
MinimumVisualStudioVersion = 10.0.40219.1
Project("{FAE04EC0-301F-11D3-BF4B-00C04F79EFBC}") = "Task", "Task\Task.csproj", "{D91089A6-C4A3-4838-80E9-195DD3300011}"
EndProject
Global
	GlobalSection(SolutionConfigurationPlatforms) = preSolution
		Debug|Any CPU = Debug|Any CPU
		Release|Any CPU = Release|Any CPU
	EndGlobalSection
	GlobalSection(ProjectConfigurationPlatforms) = postSolution
		{D91089A6-C4A3-4838-80E9-195DD3300011}.Debug|Any CPU.ActiveCfg = Debug|Any CPU
		{D91089A6-C4A3-4838-80E9-195DD3300011}.Debug|Any CPU.Build.0 = Debug|Any CPU
		{D91089A6-C4A3-4838-80E9-195DD3300011}.Release|Any CPU.ActiveCfg = Release|Any CPU
		{D91089A6-C4A3-4838-80E9-195DD3300011}.Release|Any CPU.Build.0 = Release|Any CPU
	EndGlobalSection
	GlobalSection(SolutionProperties) = preSolution
		HideSolutionNode = FALSE
	EndGlobalSection
	GlobalSection(ExtensibilityGlobals) = postSolution
		SolutionGuid = {1A7F12A6-1298-4BB2-B27C-94DDC262B227}
	EndGlobalSection
EndGlobal
